// !$*UTF8*$!
{
	archiveVersion = 1;
	classes = {
	};
	objectVersion = 60;
	objects = {
		01E8C05BF515E52EF12A186E = {isa = PBXGroup; children = (97C3BC80B73EF8A6D05A9D86, B9285D330FBAD20402CF3D37, 5F65C21F28CC2446A07D4CC0, 0AF3E45F3938B0CA87AA9586, AAACD05EEFE41BACADAFA494, 510F32E60ABADA0552CCBA52, F44707A78996C0286E2FAE6B, 15106D8BF6610E11E676FD61, 0500C3ADFFC378077C3A374F, ECA45F85E73D7376A877A6DA, F1850A630C810881736DB971, B9F2679221B94204859455B8, FC1C78F7061D8745C2344006, 22C88C49F9105724E47B8B95, A6B49DEC4203DBB632155C09, 979AF9ADC2CAF92504F9CE9F, 10A8F2D34F313A31F5D5A78E, 38369EF968C75DC1B5168E7E, ); path = "Views"; sourceTree = "<group>"; };
		0258DFB5EB304990B7349295 = {isa = XCConfigurationList; buildConfigurations = (6AC3A3906FA6D45F0BCD1755, D5AC48D7F14737558820BFBD, ); defaultConfigurationIsVisible = 0; defaultConfigurationName = Release; };
		0500C3ADFFC378077C3A374F = {isa = PBXFileReference; lastKnownFileType = sourcecode.swift; path = "NoteWayViews.swift"; sourceTree = "<group>"; };
		0597F65CA78147E88C37CF42 = {isa = PBXBuildFile; fileRef = E72E1DAB8BDCC212B3A6FC6C; };
		07021A3202D603C2EE6FA921 = {isa = PBXBuildFile; fileRef = 3A4EE5B34CDE3E0552CD8C8B; };
		07869D1421C2F651E4A286F1 = {isa = PBXFileReference; lastKnownFileType = sourcecode.swift; path = "HomeWidgets.swift"; sourceTree = "<group>"; };
		0841520893BACA8F489A582F = {isa = PBXProject; attributes = {BuildIndependentTargetsInParallel = 1; LastSwiftUpdateCheck = 2600; LastUpgradeCheck = 2600; }; buildConfigurationList = 0258DFB5EB304990B7349295; compatibilityVersion = "Xcode 14.0"; developmentRegion = de; hasScannedForEncodings = 0; knownRegions = (de, en, Base, ); mainGroup = 59B3F24F1E98659A4D5495D6; packageReferences = (A8819D40B9868FFD56856387, ); productRefGroup = 7920211DCD19FDC0AFDDEB92; projectDirPath = ""; projectRoot = ""; targets = (B63BAA815A08CF691250E72F, 950D0AFB77BC1D052CE81B8A, EECC8B15583BE77FB5ED0F76, ); };
		0979D0C76F829B4B94A94A8E = {isa = PBXFileReference; lastKnownFileType = text.plist.strings; name = en; path = "Earnote/Resources/en.lproj/Localizable.strings"; sourceTree = SOURCE_ROOT; };
		0AD7A50997197BD313206CAA = {isa = PBXBuildFile; fileRef = 908245A7C1EB4605CF0A89CA; };
		0AED19A519A0449A8183BC47 = {isa = PBXBuildFile; fileRef = 0F1008DF9FE4DECEBD7514B2; };
		0AF3E45F3938B0CA87AA9586 = {isa = PBXFileReference; lastKnownFileType = sourcecode.swift; path = "ExportSettingsView.swift"; sourceTree = "<group>"; };
		0B3BD3CE185460BA68BCDDB3 = {isa = PBXBuildFile; fileRef = A970F8DF2DCD830A05B0491E; };
		0D6E36C53E9A413A7ECB6B9A = {isa = PBXBuildFile; fileRef = CF988B98A34C75CBBB40439D; };
		0DE4A94D89DCA373C40DEBE1 = {isa = PBXFileReference; lastKnownFileType = sourcecode.swift; path = "EarnoteWidgets.swift"; sourceTree = "<group>"; };
		0F1008DF9FE4DECEBD7514B2 = {isa = PBXFileReference; lastKnownFileType = sourcecode.swift; path = "WidgetSnapshot.swift"; sourceTree = "<group>"; };
		0F8092A2E9E7649C9F504AC1 = {isa = PBXBuildFile; fileRef = 3A2A3B63FDCF177AC57B7346; };
		10A8F2D34F313A31F5D5A78E = {isa = PBXFileReference; lastKnownFileType = sourcecode.swift; path = "TranslationSheet.swift"; sourceTree = "<group>"; };
		1193D98623BAEDF03B6FC24B = {isa = PBXBuildFile; fileRef = 1F6977E88C12B5CB318D5E00; };
		12B6C9854EEF32D6EE93F1B4 = {isa = PBXGroup; children = (1F6977E88C12B5CB318D5E00, ACF25848B709975A14825E49, 7B3D50287687314FC6395B9E, C4CA26AC006FDDC8B014F937, ); path = "Resources"; sourceTree = "<group>"; };
		15106D8BF6610E11E676FD61 = {isa = PBXFileReference; lastKnownFileType = sourcecode.swift; path = "NoteSheets.swift"; sourceTree = "<group>"; };
		168BDFA20EDD31215557A659 = {isa = PBXFileReference; explicitFileType = wrapper.application; includeInIndex = 0; path = EarnoteiOS.app; sourceTree = BUILT_PRODUCTS_DIR; };
		16950F09F827744D2FB16DD3 = {isa = XCConfigurationList; buildConfigurations = (2063C66227772F9DA33C45EE, 3095503BA5498D69331F6338, ); defaultConfigurationIsVisible = 0; defaultConfigurationName = Release; };
		1765B9B7BD6A2E78ADF5510B = {isa = PBXBuildFile; fileRef = 510F32E60ABADA0552CCBA52; };
		1A482132BAD9A14389524359 = {isa = PBXBuildFile; fileRef = C22020586EECF16E98878E14; settings = {ATTRIBUTES = (RemoveHeadersOnCopy, ); }; };
		1A819218ACE7B77717A1A433 = {isa = PBXBuildFile; fileRef = B9F2679221B94204859455B8; };
		1BA456B496833ABE9E0F0178 = {isa = PBXBuildFile; fileRef = 67B528EAF9CD9ADBB9AB2763; };
		1CBEAF349A4A51C6393460AF = {isa = PBXBuildFile; fileRef = D74CEBE445C35AD493528BEA; };
		1DA411088CCC9162D86AF12A = {isa = PBXBuildFile; fileRef = 8FA40EAC6DBE80DB8671320F; };
		1F6977E88C12B5CB318D5E00 = {isa = PBXFileReference; lastKnownFileType = folder.assetcatalog; path = "Assets.xcassets"; sourceTree = "<group>"; };
		2063C66227772F9DA33C45EE = {isa = XCBuildConfiguration; buildSettings = {CODE_SIGN_STYLE = "Automatic"; CURRENT_PROJECT_VERSION = "925"; DEVELOPMENT_TEAM = ""; IPHONEOS_DEPLOYMENT_TARGET = "26.0"; MARKETING_VERSION = "0.9.25"; SDKROOT = "iphoneos"; SUPPORTED_PLATFORMS = "iphoneos iphonesimulator"; SWIFT_VERSION = "6.0"; TARGETED_DEVICE_FAMILY = "1,2"; SWIFT_EMIT_LOC_STRINGS = "YES"; CODE_SIGN_ENTITLEMENTS = "EarnoteShare/EarnoteShare.entitlements"; GENERATE_INFOPLIST_FILE = "YES"; INFOPLIST_FILE = "EarnoteShare/Info.plist"; INFOPLIST_KEY_CFBundleDisplayName = "Earnote"; LD_RUNPATH_SEARCH_PATHS = "$(inherited) @executable_path/Frameworks @executable_path/../../Frameworks"; PRODUCT_BUNDLE_IDENTIFIER = "app.earnote.Earnote.Share"; PRODUCT_NAME = "$(TARGET_NAME)"; SKIP_INSTALL = "YES"; }; name = Debug; };
		21C27911F29CA8DA2EDE43BD = {isa = PBXBuildFile; fileRef = 0F1008DF9FE4DECEBD7514B2; };
		22C88C49F9105724E47B8B95 = {isa = PBXFileReference; lastKnownFileType = sourcecode.swift; path = "RootView.swift"; sourceTree = "<group>"; };
		27E878977E135135D6FAF401 = {isa = PBXBuildFile; fileRef = 15106D8BF6610E11E676FD61; };
		28F5308064D90B918F2F06A4 = {isa = PBXBuildFile; fileRef = F018C0CAB5A4C43796CE24A4; };
		2C113A91532D29721F71E131 = {isa = PBXFileReference; lastKnownFileType = sourcecode.swift; path = "PhoneRecorder.swift"; sourceTree = "<group>"; };
		2C202BB97E785166B3E07CB2 = {isa = PBXResourcesBuildPhase; buildActionMask = 2147483647; files = (DEECB26B22B78C47690AD17C, ); runOnlyForDeploymentPostprocessing = 0; };
		2EA441C56D8A48216EDB0C1A = {isa = PBXBuildFile; fileRef = 9A52DE5BC93FC3A85B808936; };
		2EAA308DD72D50CE683D2B9D = {isa = PBXBuildFile; fileRef = 6E1389572EE65970F353C54F; };
		3095503BA5498D69331F6338 = {isa = XCBuildConfiguration; buildSettings = {CODE_SIGN_STYLE = "Automatic"; CURRENT_PROJECT_VERSION = "925"; DEVELOPMENT_TEAM = ""; IPHONEOS_DEPLOYMENT_TARGET = "26.0"; MARKETING_VERSION = "0.9.25"; SDKROOT = "iphoneos"; SUPPORTED_PLATFORMS = "iphoneos iphonesimulator"; SWIFT_VERSION = "6.0"; TARGETED_DEVICE_FAMILY = "1,2"; SWIFT_EMIT_LOC_STRINGS = "YES"; CODE_SIGN_ENTITLEMENTS = "EarnoteShare/EarnoteShare.entitlements"; GENERATE_INFOPLIST_FILE = "YES"; INFOPLIST_FILE = "EarnoteShare/Info.plist"; INFOPLIST_KEY_CFBundleDisplayName = "Earnote"; LD_RUNPATH_SEARCH_PATHS = "$(inherited) @executable_path/Frameworks @executable_path/../../Frameworks"; PRODUCT_BUNDLE_IDENTIFIER = "app.earnote.Earnote.Share"; PRODUCT_NAME = "$(TARGET_NAME)"; SKIP_INSTALL = "YES"; }; name = Release; };
		32DA9463C23DEF8B423D7333 = {isa = PBXBuildFile; fileRef = 7CAC963FCB085CCEC096CF33; };
		33B920DE3F246791CC273B31 = {isa = PBXFileReference; lastKnownFileType = sourcecode.swift; path = "BackgroundProcessing.swift"; sourceTree = "<group>"; };
		34AC5CD7FB118511AE1AB455 = {isa = PBXBuildFile; fileRef = 97C3BC80B73EF8A6D05A9D86; };
		38369EF968C75DC1B5168E7E = {isa = PBXFileReference; lastKnownFileType = sourcecode.swift; path = "WhatsNewView.swift"; sourceTree = "<group>"; };
		3A2A3B63FDCF177AC57B7346 = {isa = PBXFileReference; lastKnownFileType = sourcecode.swift; path = "PhoneDestinations.swift"; sourceTree = "<group>"; };
		3A4EE5B34CDE3E0552CD8C8B = {isa = PBXFileReference; lastKnownFileType = sourcecode.swift; name = "RemindersDestination.swift"; path = "Earnote/Destinations/RemindersDestination.swift"; sourceTree = SOURCE_ROOT; };
		3A6A1CE125DAA7CED237F719 = {isa = PBXBuildFile; fileRef = 0F1008DF9FE4DECEBD7514B2; };
		3A787C5DEE790A8B103D0171 = {isa = XCSwiftPackageProductDependency; productName = EarnoteCore; };
		3ADEAC3A43F497F9DEF957FE = {isa = PBXBuildFile; fileRef = 38369EF968C75DC1B5168E7E; };
		3B0D1929261B4D2CF8C45996 = {isa = PBXBuildFile; fileRef = 0DE4A94D89DCA373C40DEBE1; };
		3F3265622B38BB36A596B94A = {isa = PBXGroup; children = (8FC669FEF1836EF961CF1217, FCDF8ADC6889C6891940E2BF, CF988B98A34C75CBBB40439D, D74CEBE445C35AD493528BEA, 8D9DB239E890CD381958612A, 4452B043BA242C2C668CF0B3, EC91C10B57F02EB9D777D14D, A970F8DF2DCD830A05B0491E, 3A4EE5B34CDE3E0552CD8C8B, 9A52DE5BC93FC3A85B808936, ); name = "Gemeinsam mit dem Mac"; sourceTree = "<group>"; };
		40A3630246FBB10A7B2F97A2 = {isa = PBXSourcesBuildPhase; buildActionMask = 2147483647; files = (3B0D1929261B4D2CF8C45996, 565E27863AAF6F34B117CB7E, 61F72640424CB8CDCCA4CE2A, 28F5308064D90B918F2F06A4, 21C27911F29CA8DA2EDE43BD, ); runOnlyForDeploymentPostprocessing = 0; };
		4358CCE72B5B1B49E5C91BFD = {isa = PBXBuildFile; fileRef = F018C0CAB5A4C43796CE24A4; };
		4452B043BA242C2C668CF0B3 = {isa = PBXFileReference; lastKnownFileType = sourcecode.swift; name = "LocalModels.swift"; path = "Earnote/AI/LocalModels.swift"; sourceTree = SOURCE_ROOT; };
		4C2C5984A7AF533A94BE8088 = {isa = PBXBuildFile; fileRef = B1A1D4880A6CE975E9DFDA47; };
		4D3B84233957440EEAF850CA = {isa = PBXGroup; children = (33B920DE3F246791CC273B31, 908245A7C1EB4605CF0A89CA, 6E1389572EE65970F353C54F, BEF732C7FF631354F4600918, 8DF75EC6993474DD61F603C0, B1A1D4880A6CE975E9DFDA47, 8FA40EAC6DBE80DB8671320F, E72E1DAB8BDCC212B3A6FC6C, ); path = "App"; sourceTree = "<group>"; };
		5027DA676D0D08A7C49FD5C1 = {isa = PBXBuildFile; fileRef = FC1C78F7061D8745C2344006; };
		510F32E60ABADA0552CCBA52 = {isa = PBXFileReference; lastKnownFileType = sourcecode.swift; path = "LibraryView.swift"; sourceTree = "<group>"; };
		565E27863AAF6F34B117CB7E = {isa = PBXBuildFile; fileRef = 07869D1421C2F651E4A286F1; };
		59B3F24F1E98659A4D5495D6 = {isa = PBXGroup; children = (B1BF2B4FEAA36E4B1B389CB1, B6BA28AA6C73ADB0AA574D45, 5FA93274D7D9589D9AABC78B, 3F3265622B38BB36A596B94A, EEED4C8440EFB748CAE42F9F, 7920211DCD19FDC0AFDDEB92, ); sourceTree = "<group>"; };
		5E1083D8C4DEBF2CF8A87486 = {isa = XCSwiftPackageProductDependency; productName = EarnoteML; };
		5F65C21F28CC2446A07D4CC0 = {isa = PBXFileReference; lastKnownFileType = sourcecode.swift; path = "ExamRadarView.swift"; sourceTree = "<group>"; };
		5FA93274D7D9589D9AABC78B = {isa = PBXGroup; children = (F0244289965248676C07E18D, A7EF48DDA4A188A22B547786, 67B528EAF9CD9ADBB9AB2763, ); path = "EarnoteShare"; sourceTree = "<group>"; };
		61CFC5048EAF2FD302C4EBEC = {isa = PBXBuildFile; fileRef = F44707A78996C0286E2FAE6B; };
		61F72640424CB8CDCCA4CE2A = {isa = PBXBuildFile; fileRef = 927179C3C1154BB6DDE234B7; };
		621542226E3C23F4AACE493A = {isa = PBXGroup; children = (927179C3C1154BB6DDE234B7, F018C0CAB5A4C43796CE24A4, 0F1008DF9FE4DECEBD7514B2, ); path = "Shared"; sourceTree = "<group>"; };
		625C9D4B3F7E4D45E3D67210 = {isa = PBXBuildFile; fileRef = 9A52DE5BC93FC3A85B808936; };
		64726B78F1BB63FE1789CF34 = {isa = XCConfigurationList; buildConfigurations = (BA9D3B2189DD77F3875F8C01, EC94F59F02F1D3838B9CA753, ); defaultConfigurationIsVisible = 0; defaultConfigurationName = Release; };
		65E26F7099FFA2CEBE84F5A7 = {isa = PBXBuildFile; fileRef = 4452B043BA242C2C668CF0B3; };
		67B528EAF9CD9ADBB9AB2763 = {isa = PBXFileReference; lastKnownFileType = sourcecode.swift; path = "ShareViewController.swift"; sourceTree = "<group>"; };
		69AD64812EE22AFE974F4208 = {isa = PBXBuildFile; fileRef = 927179C3C1154BB6DDE234B7; };
		6AC3A3906FA6D45F0BCD1755 = {isa = XCBuildConfiguration; buildSettings = {ONLY_ACTIVE_ARCH = "YES"; SWIFT_OPTIMIZATION_LEVEL = "-Onone"; ENABLE_TESTABILITY = "YES"; SWIFT_ACTIVE_COMPILATION_CONDITIONS = "DEBUG"; DEBUG_INFORMATION_FORMAT = "dwarf"; SDKROOT = "iphoneos"; }; name = Debug; };
		6BD542DD50D3391D9135F74C = {isa = PBXContainerItemProxy; containerPortal = 0841520893BACA8F489A582F; proxyType = 1; remoteGlobalIDString = EECC8B15583BE77FB5ED0F76; remoteInfo = EarnoteShare; };
		6DE393700AA8358D698CFCEC = {isa = PBXCopyFilesBuildPhase; buildActionMask = 2147483647; dstPath = ""; dstSubfolderSpec = 13; files = (1A482132BAD9A14389524359, F4DE7FE0189DB94AAF92EB0A, ); name = "Embed Foundation Extensions"; runOnlyForDeploymentPostprocessing = 0; };
		6E1389572EE65970F353C54F = {isa = PBXFileReference; lastKnownFileType = sourcecode.swift; path = "HandoffSender.swift"; sourceTree = "<group>"; };
		6EDBDE9599FC0AA6F683610A = {isa = PBXBuildFile; fileRef = 0AF3E45F3938B0CA87AA9586; };
		6FA3C7C5AC57005F846605CE = {isa = PBXFrameworksBuildPhase; buildActionMask = 2147483647; files = (DCF639A7E92F9B9E3AC550F3, CAD429ED8A42204AA03DE3B7, ); runOnlyForDeploymentPostprocessing = 0; };
		7398C8BDE9631E2930A92064 = {isa = PBXBuildFile; fileRef = 2C113A91532D29721F71E131; };
		7920211DCD19FDC0AFDDEB92 = {isa = PBXGroup; children = (168BDFA20EDD31215557A659, C22020586EECF16E98878E14, C10709A6E7C0594C8CE781A3, ); name = Products; sourceTree = "<group>"; };
		7AF8C14EBA2E8A85E0D9C78B = {isa = PBXBuildFile; fileRef = AAACD05EEFE41BACADAFA494; };
		7B3D50287687314FC6395B9E = {isa = PBXFileReference; lastKnownFileType = text.plist.xml; path = "Info.plist"; sourceTree = "<group>"; };
		7CAC963FCB085CCEC096CF33 = {isa = PBXFileReference; lastKnownFileType = sourcecode.swift; path = "TipJar.swift"; sourceTree = "<group>"; };
		7D7A9EB30ADAC837A67975E0 = {isa = PBXBuildFile; fileRef = 8D9DB239E890CD381958612A; };
		87034EC3332291C3C3000889 = {isa = PBXBuildFile; fileRef = FCDF8ADC6889C6891940E2BF; };
		887C27D2F0808ABA27CFE35E = {isa = PBXBuildFile; fileRef = 10A8F2D34F313A31F5D5A78E; };
		896365C2C8312FD4A60086EC = {isa = XCBuildConfiguration; buildSettings = {CODE_SIGN_STYLE = "Automatic"; CURRENT_PROJECT_VERSION = "925"; DEVELOPMENT_TEAM = ""; IPHONEOS_DEPLOYMENT_TARGET = "26.0"; MARKETING_VERSION = "0.9.25"; SDKROOT = "iphoneos"; SUPPORTED_PLATFORMS = "iphoneos iphonesimulator"; SWIFT_VERSION = "6.0"; TARGETED_DEVICE_FAMILY = "1,2"; SWIFT_EMIT_LOC_STRINGS = "YES"; CODE_SIGN_ENTITLEMENTS = "EarnoteWidgets/EarnoteWidgets.entitlements"; GENERATE_INFOPLIST_FILE = "YES"; INFOPLIST_FILE = "EarnoteWidgets/Info.plist"; INFOPLIST_KEY_CFBundleDisplayName = "Earnote"; LD_RUNPATH_SEARCH_PATHS = "$(inherited) @executable_path/Frameworks @executable_path/../../Frameworks"; PRODUCT_BUNDLE_IDENTIFIER = "app.earnote.Earnote.Widgets"; PRODUCT_NAME = "$(TARGET_NAME)"; SKIP_INSTALL = "YES"; }; name = Release; };
		89DA69C4FA52A5F7B508F1DD = {isa = PBXBuildFile; fileRef = C8291AD8F44788509FCC4276; };
		8AF865A6B32F798ECF95C168 = {isa = PBXBuildFile; fileRef = ECA45F85E73D7376A877A6DA; };
		8D88AD524EF793D635BA4661 = {isa = PBXResourcesBuildPhase; buildActionMask = 2147483647; files = (2EA441C56D8A48216EDB0C1A, ); runOnlyForDeploymentPostprocessing = 0; };
		8D9DB239E890CD381958612A = {isa = PBXFileReference; lastKnownFileType = sourcecode.swift; name = "AppleIntelligenceClient.swift"; path = "Earnote/AI/AppleIntelligenceClient.swift"; sourceTree = SOURCE_ROOT; };
		8DF75EC6993474DD61F603C0 = {isa = PBXFileReference; lastKnownFileType = sourcecode.swift; path = "PhoneCommands.swift"; sourceTree = "<group>"; };
		8F1582CD6EFDFEFD82B21360 = {isa = PBXContainerItemProxy; containerPortal = 0841520893BACA8F489A582F; proxyType = 1; remoteGlobalIDString = 950D0AFB77BC1D052CE81B8A; remoteInfo = EarnoteWidgets; };
		8FA40EAC6DBE80DB8671320F = {isa = PBXFileReference; lastKnownFileType = sourcecode.swift; path = "PhonePower.swift"; sourceTree = "<group>"; };
		8FC669FEF1836EF961CF1217 = {isa = PBXFileReference; lastKnownFileType = sourcecode.swift; name = "LibraryStore.swift"; path = "Earnote/Stores/LibraryStore.swift"; sourceTree = SOURCE_ROOT; };
		908245A7C1EB4605CF0A89CA = {isa = PBXFileReference; lastKnownFileType = sourcecode.swift; path = "EarnoteiOSApp.swift"; sourceTree = "<group>"; };
		927179C3C1154BB6DDE234B7 = {isa = PBXFileReference; lastKnownFileType = sourcecode.swift; path = "RecordingActivity.swift"; sourceTree = "<group>"; };
		931EFC9D93283B2A8D76A940 = {isa = PBXSourcesBuildPhase; buildActionMask = 2147483647; files = (9C062665C8614B9B865F8D22, 0AD7A50997197BD313206CAA, 2EAA308DD72D50CE683D2B9D, EF80722B351D4619EF6EF155, AC25AB4F5BBD756BCC893910, 4C2C5984A7AF533A94BE8088, 1DA411088CCC9162D86AF12A, 0597F65CA78147E88C37CF42, 7398C8BDE9631E2930A92064, 89DA69C4FA52A5F7B508F1DD, 0F8092A2E9E7649C9F504AC1, B2C4E737C4DBCB051DC84805, 32DA9463C23DEF8B423D7333, 69AD64812EE22AFE974F4208, 4358CCE72B5B1B49E5C91BFD, 0AED19A519A0449A8183BC47, 34AC5CD7FB118511AE1AB455, E9FBC7DBB7012B256BF81EB0, C81D67507FDF7200588BD13B, 6EDBDE9599FC0AA6F683610A, 7AF8C14EBA2E8A85E0D9C78B, 1765B9B7BD6A2E78ADF5510B, 61CFC5048EAF2FD302C4EBEC, 27E878977E135135D6FAF401, E5390FCD7C68735898012E6F, 8AF865A6B32F798ECF95C168, FF57B849AE6853D588823B51, 1A819218ACE7B77717A1A433, 5027DA676D0D08A7C49FD5C1, 9F85619FC236D4C8644887D6, 95241C81151616D74C89FB2A, CA5C28B6D1D9C4CF81C3859F, 887C27D2F0808ABA27CFE35E, 3ADEAC3A43F497F9DEF957FE, 9F35C6E627BF570F6BF49B80, 87034EC3332291C3C3000889, 0D6E36C53E9A413A7ECB6B9A, 1CBEAF349A4A51C6393460AF, 7D7A9EB30ADAC837A67975E0, 65E26F7099FFA2CEBE84F5A7, E74D4D9301CCDDDF63BFC9A7, 0B3BD3CE185460BA68BCDDB3, 07021A3202D603C2EE6FA921, ); runOnlyForDeploymentPostprocessing = 0; };
		950D0AFB77BC1D052CE81B8A = {isa = PBXNativeTarget; buildConfigurationList = 9F4120F6C0ACEC42E4FF1119; buildPhases = (40A3630246FBB10A7B2F97A2, 8D88AD524EF793D635BA4661, ); buildRules = (); dependencies = (); name = EarnoteWidgets; productName = EarnoteWidgets; productReference = C22020586EECF16E98878E14; productType = "com.apple.product-type.app-extension"; };
		95241C81151616D74C89FB2A = {isa = PBXBuildFile; fileRef = A6B49DEC4203DBB632155C09; };
		95D60DCA7334AB84BBCEFE7D = {isa = PBXGroup; children = (C8291AD8F44788509FCC4276, 3A2A3B63FDCF177AC57B7346, F1D0497915E454F05CE1E4AB, 7CAC963FCB085CCEC096CF33, ); path = "Services"; sourceTree = "<group>"; };
		979AF9ADC2CAF92504F9CE9F = {isa = PBXFileReference; lastKnownFileType = sourcecode.swift; path = "SettingsSheet.swift"; sourceTree = "<group>"; };
		97C3BC80B73EF8A6D05A9D86 = {isa = PBXFileReference; lastKnownFileType = sourcecode.swift; path = "AppearanceView.swift"; sourceTree = "<group>"; };
		9A52DE5BC93FC3A85B808936 = {isa = PBXVariantGroup; children = (0979D0C76F829B4B94A94A8E, ); name = Localizable.strings; sourceTree = "<group>"; };
		9C062665C8614B9B865F8D22 = {isa = PBXBuildFile; fileRef = 33B920DE3F246791CC273B31; };
		9F35C6E627BF570F6BF49B80 = {isa = PBXBuildFile; fileRef = 8FC669FEF1836EF961CF1217; };
		9F4120F6C0ACEC42E4FF1119 = {isa = XCConfigurationList; buildConfigurations = (EF1971B2D199154186230CD7, 896365C2C8312FD4A60086EC, ); defaultConfigurationIsVisible = 0; defaultConfigurationName = Release; };
		9F85619FC236D4C8644887D6 = {isa = PBXBuildFile; fileRef = 22C88C49F9105724E47B8B95; };
		A6B49DEC4203DBB632155C09 = {isa = PBXFileReference; lastKnownFileType = sourcecode.swift; path = "SearchView.swift"; sourceTree = "<group>"; };
		A7EF48DDA4A188A22B547786 = {isa = PBXFileReference; lastKnownFileType = text.plist.xml; path = "Info.plist"; sourceTree = "<group>"; };
		A8819D40B9868FFD56856387 = {isa = XCLocalSwiftPackageReference; relativePath = "Packages/EarnoteKit"; };
		A970F8DF2DCD830A05B0491E = {isa = PBXFileReference; lastKnownFileType = sourcecode.swift; name = "CloudSyncStatus.swift"; path = "Earnote/Services/CloudSyncStatus.swift"; sourceTree = SOURCE_ROOT; };
		AAACD05EEFE41BACADAFA494 = {isa = PBXFileReference; lastKnownFileType = sourcecode.swift; path = "LearnView.swift"; sourceTree = "<group>"; };
		AC25AB4F5BBD756BCC893910 = {isa = PBXBuildFile; fileRef = 8DF75EC6993474DD61F603C0; };
		ACF25848B709975A14825E49 = {isa = PBXFileReference; lastKnownFileType = text.plist.entitlements; path = "EarnoteiOS.entitlements"; sourceTree = "<group>"; };
		B1A1D4880A6CE975E9DFDA47 = {isa = PBXFileReference; lastKnownFileType = sourcecode.swift; path = "PhoneEnvironment.swift"; sourceTree = "<group>"; };
		B1BF2B4FEAA36E4B1B389CB1 = {isa = PBXGroup; children = (4D3B84233957440EEAF850CA, C90BE6EAB247F6486903AAB2, 12B6C9854EEF32D6EE93F1B4, 95D60DCA7334AB84BBCEFE7D, 621542226E3C23F4AACE493A, 01E8C05BF515E52EF12A186E, ); path = "EarnoteiOS"; sourceTree = "<group>"; };
		B2C4E737C4DBCB051DC84805 = {isa = PBXBuildFile; fileRef = F1D0497915E454F05CE1E4AB; };
		B63BAA815A08CF691250E72F = {isa = PBXNativeTarget; buildConfigurationList = 64726B78F1BB63FE1789CF34; buildPhases = (931EFC9D93283B2A8D76A940, 6FA3C7C5AC57005F846605CE, DF2594C50884C28B3AE88F63, 6DE393700AA8358D698CFCEC, ); buildRules = (); dependencies = (ED7B0CA188C3D7884556D80E, C677A8A74DC3586B0F10FF0B, ); name = EarnoteiOS; packageProductDependencies = (3A787C5DEE790A8B103D0171, 5E1083D8C4DEBF2CF8A87486, ); productName = EarnoteiOS; productReference = 168BDFA20EDD31215557A659; productType = "com.apple.product-type.application"; };
		B6BA28AA6C73ADB0AA574D45 = {isa = PBXGroup; children = (E5B55E58D0ECA24CB44F66F5, 0DE4A94D89DCA373C40DEBE1, 07869D1421C2F651E4A286F1, F30BBED6A6F4C4433D2FF9BA, ); path = "EarnoteWidgets"; sourceTree = "<group>"; };
		B9285D330FBAD20402CF3D37 = {isa = PBXFileReference; lastKnownFileType = sourcecode.swift; path = "Brand.swift"; sourceTree = "<group>"; };
		B9F2679221B94204859455B8 = {isa = PBXFileReference; lastKnownFileType = sourcecode.swift; path = "RecordingDetailView.swift"; sourceTree = "<group>"; };
		BA9D3B2189DD77F3875F8C01 = {isa = XCBuildConfiguration; buildSettings = {ASSETCATALOG_COMPILER_APPICON_NAME = "AppIcon"; ASSETCATALOG_COMPILER_ALTERNATE_APPICON_NAMES = "AppIcon-Ozean AppIcon-Salbei AppIcon-Lavendel AppIcon-Mitternacht AppIcon-Hell AppIcon-Regenbogen AppIcon-Retro AppIcon-Terminal"; ASSETCATALOG_COMPILER_GLOBAL_ACCENT_COLOR_NAME = "AccentColor"; CODE_SIGN_ENTITLEMENTS = "EarnoteiOS/Resources/EarnoteiOS.entitlements"; CODE_SIGN_STYLE = "Automatic"; CURRENT_PROJECT_VERSION = "925"; DEVELOPMENT_TEAM = ""; GENERATE_INFOPLIST_FILE = "YES"; INFOPLIST_FILE = "EarnoteiOS/Resources/Info.plist"; INFOPLIST_KEY_NSSpeechRecognitionUsageDescription = "Earnote schreibt deine Aufnahmen mit der Spracherkennung auf deinem iPhone mit."; INFOPLIST_KEY_CFBundleDisplayName = "Earnote"; INFOPLIST_KEY_ITSAppUsesNonExemptEncryption = "NO"; INFOPLIST_KEY_LSApplicationCategoryType = "public.app-category.education"; INFOPLIST_KEY_NSSupportsLiveActivities = "YES"; INFOPLIST_KEY_NSRemindersFullAccessUsageDescription = "Earnote legt offene Aufgaben aus deinen Notizen als Erinnerungen an, wenn du das unter Export einschaltest."; INFOPLIST_KEY_NSMicrophoneUsageDescription = "Earnote nimmt Vorlesungen und Meetings auf, um daraus Notizen zu schreiben. Die Aufnahme bleibt auf deinem Gerät."; INFOPLIST_KEY_UIApplicationSceneManifest_Generation = "YES"; INFOPLIST_KEY_UIApplicationSupportsMultipleScenes = "YES"; INFOPLIST_KEY_UILaunchScreen_Generation = "YES"; INFOPLIST_KEY_UISupportedInterfaceOrientations_iPhone = "UIInterfaceOrientationPortrait"; INFOPLIST_KEY_UISupportedInterfaceOrientations_iPad = "UIInterfaceOrientationPortrait UIInterfaceOrientationPortraitUpsideDown UIInterfaceOrientationLandscapeLeft UIInterfaceOrientationLandscapeRight"; IPHONEOS_DEPLOYMENT_TARGET = "26.0"; LD_RUNPATH_SEARCH_PATHS = "$(inherited) @executable_path/Frameworks"; MARKETING_VERSION = "0.9.25"; PRODUCT_BUNDLE_IDENTIFIER = "app.earnote.Earnote"; PRODUCT_NAME = "$(TARGET_NAME)"; SDKROOT = "iphoneos"; SUPPORTED_PLATFORMS = "iphoneos iphonesimulator"; SWIFT_EMIT_LOC_STRINGS = "YES"; SWIFT_VERSION = "6.0"; TARGETED_DEVICE_FAMILY = "1,2"; }; name = Debug; };
		BEF732C7FF631354F4600918 = {isa = PBXFileReference; lastKnownFileType = sourcecode.swift; path = "LiveActivityController.swift"; sourceTree = "<group>"; };
		C10709A6E7C0594C8CE781A3 = {isa = PBXFileReference; explicitFileType = "wrapper.app-extension"; includeInIndex = 0; path = EarnoteShare.appex; sourceTree = BUILT_PRODUCTS_DIR; };
		C22020586EECF16E98878E14 = {isa = PBXFileReference; explicitFileType = "wrapper.app-extension"; includeInIndex = 0; path = EarnoteWidgets.appex; sourceTree = BUILT_PRODUCTS_DIR; };
		C4CA26AC006FDDC8B014F937 = {isa = PBXFileReference; lastKnownFileType = text.xml; path = "PrivacyInfo.xcprivacy"; sourceTree = "<group>"; };
		C677A8A74DC3586B0F10FF0B = {isa = PBXTargetDependency; target = EECC8B15583BE77FB5ED0F76; targetProxy = 6BD542DD50D3391D9135F74C; };
		C81D67507FDF7200588BD13B = {isa = PBXBuildFile; fileRef = 5F65C21F28CC2446A07D4CC0; };
		C8291AD8F44788509FCC4276 = {isa = PBXFileReference; lastKnownFileType = sourcecode.swift; path = "NoteSharing.swift"; sourceTree = "<group>"; };
		C90BE6EAB247F6486903AAB2 = {isa = PBXGroup; children = (2C113A91532D29721F71E131, ); path = "Recording"; sourceTree = "<group>"; };
		CA5C28B6D1D9C4CF81C3859F = {isa = PBXBuildFile; fileRef = 979AF9ADC2CAF92504F9CE9F; };
		CAD429ED8A42204AA03DE3B7 = {isa = PBXBuildFile; productRef = 5E1083D8C4DEBF2CF8A87486; };
		CF988B98A34C75CBBB40439D = {isa = PBXFileReference; lastKnownFileType = sourcecode.swift; name = "TranscriberFactory.swift"; path = "Earnote/Transcription/TranscriberFactory.swift"; sourceTree = SOURCE_ROOT; };
		D5AC48D7F14737558820BFBD = {isa = XCBuildConfiguration; buildSettings = {SWIFT_COMPILATION_MODE = "wholemodule"; SWIFT_OPTIMIZATION_LEVEL = "-O"; DEBUG_INFORMATION_FORMAT = "dwarf-with-dsym"; SDKROOT = "iphoneos"; VALIDATE_PRODUCT = "YES"; }; name = Release; };
		D74CEBE445C35AD493528BEA = {isa = PBXFileReference; lastKnownFileType = sourcecode.swift; name = "PlatformLLMClients.swift"; path = "Earnote/AI/PlatformLLMClients.swift"; sourceTree = SOURCE_ROOT; };
		DCF639A7E92F9B9E3AC550F3 = {isa = PBXBuildFile; productRef = 3A787C5DEE790A8B103D0171; };
		DEECB26B22B78C47690AD17C = {isa = PBXBuildFile; fileRef = 9A52DE5BC93FC3A85B808936; };
		DF2594C50884C28B3AE88F63 = {isa = PBXResourcesBuildPhase; buildActionMask = 2147483647; files = (E8E9772283131CE006E6CBC9, 1193D98623BAEDF03B6FC24B, 625C9D4B3F7E4D45E3D67210, ); runOnlyForDeploymentPostprocessing = 0; };
		E5390FCD7C68735898012E6F = {isa = PBXBuildFile; fileRef = 0500C3ADFFC378077C3A374F; };
		E5B55E58D0ECA24CB44F66F5 = {isa = PBXFileReference; lastKnownFileType = text.plist.entitlements; path = "EarnoteWidgets.entitlements"; sourceTree = "<group>"; };
		E72E1DAB8BDCC212B3A6FC6C = {isa = PBXFileReference; lastKnownFileType = sourcecode.swift; path = "WidgetPublisher.swift"; sourceTree = "<group>"; };
		E74D4D9301CCDDDF63BFC9A7 = {isa = PBXBuildFile; fileRef = EC91C10B57F02EB9D777D14D; };
		E8E9772283131CE006E6CBC9 = {isa = PBXBuildFile; fileRef = C4CA26AC006FDDC8B014F937; };
		E9FBC7DBB7012B256BF81EB0 = {isa = PBXBuildFile; fileRef = B9285D330FBAD20402CF3D37; };
		EC91C10B57F02EB9D777D14D = {isa = PBXFileReference; lastKnownFileType = sourcecode.swift; name = "DemoLibrary.swift"; path = "Earnote/App/DemoLibrary.swift"; sourceTree = SOURCE_ROOT; };
		EC94F59F02F1D3838B9CA753 = {isa = XCBuildConfiguration; buildSettings = {ASSETCATALOG_COMPILER_APPICON_NAME = "AppIcon"; ASSETCATALOG_COMPILER_ALTERNATE_APPICON_NAMES = "AppIcon-Ozean AppIcon-Salbei AppIcon-Lavendel AppIcon-Mitternacht AppIcon-Hell AppIcon-Regenbogen AppIcon-Retro AppIcon-Terminal"; ASSETCATALOG_COMPILER_GLOBAL_ACCENT_COLOR_NAME = "AccentColor"; CODE_SIGN_ENTITLEMENTS = "EarnoteiOS/Resources/EarnoteiOS.entitlements"; CODE_SIGN_STYLE = "Automatic"; CURRENT_PROJECT_VERSION = "925"; DEVELOPMENT_TEAM = ""; GENERATE_INFOPLIST_FILE = "YES"; INFOPLIST_FILE = "EarnoteiOS/Resources/Info.plist"; INFOPLIST_KEY_NSSpeechRecognitionUsageDescription = "Earnote schreibt deine Aufnahmen mit der Spracherkennung auf deinem iPhone mit."; INFOPLIST_KEY_CFBundleDisplayName = "Earnote"; INFOPLIST_KEY_ITSAppUsesNonExemptEncryption = "NO"; INFOPLIST_KEY_LSApplicationCategoryType = "public.app-category.education"; INFOPLIST_KEY_NSSupportsLiveActivities = "YES"; INFOPLIST_KEY_NSRemindersFullAccessUsageDescription = "Earnote legt offene Aufgaben aus deinen Notizen als Erinnerungen an, wenn du das unter Export einschaltest."; INFOPLIST_KEY_NSMicrophoneUsageDescription = "Earnote nimmt Vorlesungen und Meetings auf, um daraus Notizen zu schreiben. Die Aufnahme bleibt auf deinem Gerät."; INFOPLIST_KEY_UIApplicationSceneManifest_Generation = "YES"; INFOPLIST_KEY_UIApplicationSupportsMultipleScenes = "YES"; INFOPLIST_KEY_UILaunchScreen_Generation = "YES"; INFOPLIST_KEY_UISupportedInterfaceOrientations_iPhone = "UIInterfaceOrientationPortrait"; INFOPLIST_KEY_UISupportedInterfaceOrientations_iPad = "UIInterfaceOrientationPortrait UIInterfaceOrientationPortraitUpsideDown UIInterfaceOrientationLandscapeLeft UIInterfaceOrientationLandscapeRight"; IPHONEOS_DEPLOYMENT_TARGET = "26.0"; LD_RUNPATH_SEARCH_PATHS = "$(inherited) @executable_path/Frameworks"; MARKETING_VERSION = "0.9.25"; PRODUCT_BUNDLE_IDENTIFIER = "app.earnote.Earnote"; PRODUCT_NAME = "$(TARGET_NAME)"; SDKROOT = "iphoneos"; SUPPORTED_PLATFORMS = "iphoneos iphonesimulator"; SWIFT_EMIT_LOC_STRINGS = "YES"; SWIFT_VERSION = "6.0"; TARGETED_DEVICE_FAMILY = "1,2"; }; name = Release; };
		ECA45F85E73D7376A877A6DA = {isa = PBXFileReference; lastKnownFileType = sourcecode.swift; path = "OnboardingView.swift"; sourceTree = "<group>"; };
		ED7B0CA188C3D7884556D80E = {isa = PBXTargetDependency; target = 950D0AFB77BC1D052CE81B8A; targetProxy = 8F1582CD6EFDFEFD82B21360; };
		EECC8B15583BE77FB5ED0F76 = {isa = PBXNativeTarget; buildConfigurationList = 16950F09F827744D2FB16DD3; buildPhases = (F9C09865A4B2164433AE9CDC, 2C202BB97E785166B3E07CB2, ); buildRules = (); dependencies = (); name = EarnoteShare; productName = EarnoteShare; productReference = C10709A6E7C0594C8CE781A3; productType = "com.apple.product-type.app-extension"; };
		EEED4C8440EFB748CAE42F9F = {isa = PBXFileReference; lastKnownFileType = wrapper; path = "Packages/EarnoteKit"; sourceTree = "<group>"; };
		EF1971B2D199154186230CD7 = {isa = XCBuildConfiguration; buildSettings = {CODE_SIGN_STYLE = "Automatic"; CURRENT_PROJECT_VERSION = "925"; DEVELOPMENT_TEAM = ""; IPHONEOS_DEPLOYMENT_TARGET = "26.0"; MARKETING_VERSION = "0.9.25"; SDKROOT = "iphoneos"; SUPPORTED_PLATFORMS = "iphoneos iphonesimulator"; SWIFT_VERSION = "6.0"; TARGETED_DEVICE_FAMILY = "1,2"; SWIFT_EMIT_LOC_STRINGS = "YES"; CODE_SIGN_ENTITLEMENTS = "EarnoteWidgets/EarnoteWidgets.entitlements"; GENERATE_INFOPLIST_FILE = "YES"; INFOPLIST_FILE = "EarnoteWidgets/Info.plist"; INFOPLIST_KEY_CFBundleDisplayName = "Earnote"; LD_RUNPATH_SEARCH_PATHS = "$(inherited) @executable_path/Frameworks @executable_path/../../Frameworks"; PRODUCT_BUNDLE_IDENTIFIER = "app.earnote.Earnote.Widgets"; PRODUCT_NAME = "$(TARGET_NAME)"; SKIP_INSTALL = "YES"; }; name = Debug; };
		EF80722B351D4619EF6EF155 = {isa = PBXBuildFile; fileRef = BEF732C7FF631354F4600918; };
		F018C0CAB5A4C43796CE24A4 = {isa = PBXFileReference; lastKnownFileType = sourcecode.swift; path = "ShareInbox.swift"; sourceTree = "<group>"; };
		F0244289965248676C07E18D = {isa = PBXFileReference; lastKnownFileType = text.plist.entitlements; path = "EarnoteShare.entitlements"; sourceTree = "<group>"; };
		F1850A630C810881736DB971 = {isa = PBXFileReference; lastKnownFileType = sourcecode.swift; path = "RecordSheet.swift"; sourceTree = "<group>"; };
		F1D0497915E454F05CE1E4AB = {isa = PBXFileReference; lastKnownFileType = sourcecode.swift; path = "Pro.swift"; sourceTree = "<group>"; };
		F30BBED6A6F4C4433D2FF9BA = {isa = PBXFileReference; lastKnownFileType = text.plist.xml; path = "Info.plist"; sourceTree = "<group>"; };
		F44707A78996C0286E2FAE6B = {isa = PBXFileReference; lastKnownFileType = sourcecode.swift; path = "NoteChatView.swift"; sourceTree = "<group>"; };
		F4DE7FE0189DB94AAF92EB0A = {isa = PBXBuildFile; fileRef = C10709A6E7C0594C8CE781A3; settings = {ATTRIBUTES = (RemoveHeadersOnCopy, ); }; };
		F6A26D6FCA1CEAC38ACCDFF2 = {isa = PBXBuildFile; fileRef = F018C0CAB5A4C43796CE24A4; };
		F9C09865A4B2164433AE9CDC = {isa = PBXSourcesBuildPhase; buildActionMask = 2147483647; files = (1BA456B496833ABE9E0F0178, F6A26D6FCA1CEAC38ACCDFF2, 3A6A1CE125DAA7CED237F719, ); runOnlyForDeploymentPostprocessing = 0; };
		FC1C78F7061D8745C2344006 = {isa = PBXFileReference; lastKnownFileType = sourcecode.swift; path = "RecordingsView.swift"; sourceTree = "<group>"; };
		FCDF8ADC6889C6891940E2BF = {isa = PBXFileReference; lastKnownFileType = sourcecode.swift; name = "AppleSpeechTranscriber.swift"; path = "Earnote/Transcription/AppleSpeechTranscriber.swift"; sourceTree = SOURCE_ROOT; };
		FF57B849AE6853D588823B51 = {isa = PBXBuildFile; fileRef = F1850A630C810881736DB971; };
	};
	rootObject = 0841520893BACA8F489A582F;
}
