// !$*UTF8*$!
{
	archiveVersion = 1;
	classes = {
	};
	objectVersion = 60;
	objects = {
		01E8C05BF515E52EF12A186E = {isa = PBXGroup; children = (B9285D330FBAD20402CF3D37, AAACD05EEFE41BACADAFA494, ECA45F85E73D7376A877A6DA, F1850A630C810881736DB971, B9F2679221B94204859455B8, FC1C78F7061D8745C2344006, 22C88C49F9105724E47B8B95, A6B49DEC4203DBB632155C09, 979AF9ADC2CAF92504F9CE9F, ); path = "Views"; sourceTree = "<group>"; };
		0258DFB5EB304990B7349295 = {isa = XCConfigurationList; buildConfigurations = (6AC3A3906FA6D45F0BCD1755, D5AC48D7F14737558820BFBD, ); defaultConfigurationIsVisible = 0; defaultConfigurationName = Release; };
		0841520893BACA8F489A582F = {isa = PBXProject; attributes = {BuildIndependentTargetsInParallel = 1; LastSwiftUpdateCheck = 2600; LastUpgradeCheck = 2600; }; buildConfigurationList = 0258DFB5EB304990B7349295; compatibilityVersion = "Xcode 14.0"; developmentRegion = de; hasScannedForEncodings = 0; knownRegions = (de, en, Base, ); mainGroup = 59B3F24F1E98659A4D5495D6; packageReferences = (A8819D40B9868FFD56856387, ); productRefGroup = 7920211DCD19FDC0AFDDEB92; projectDirPath = ""; projectRoot = ""; targets = (B63BAA815A08CF691250E72F, 950D0AFB77BC1D052CE81B8A, ); };
		0979D0C76F829B4B94A94A8E = {isa = PBXFileReference; lastKnownFileType = text.plist.strings; name = en; path = "Earnote/Resources/en.lproj/Localizable.strings"; sourceTree = SOURCE_ROOT; };
		0AD7A50997197BD313206CAA = {isa = PBXBuildFile; fileRef = 908245A7C1EB4605CF0A89CA; };
		0D6E36C53E9A413A7ECB6B9A = {isa = PBXBuildFile; fileRef = CF988B98A34C75CBBB40439D; };
		0DE4A94D89DCA373C40DEBE1 = {isa = PBXFileReference; lastKnownFileType = sourcecode.swift; path = "EarnoteWidgets.swift"; sourceTree = "<group>"; };
		1193D98623BAEDF03B6FC24B = {isa = PBXBuildFile; fileRef = 1F6977E88C12B5CB318D5E00; };
		12B6C9854EEF32D6EE93F1B4 = {isa = PBXGroup; children = (1F6977E88C12B5CB318D5E00, 7B3D50287687314FC6395B9E, ); path = "Resources"; sourceTree = "<group>"; };
		168BDFA20EDD31215557A659 = {isa = PBXFileReference; explicitFileType = wrapper.application; includeInIndex = 0; path = EarnoteiOS.app; sourceTree = BUILT_PRODUCTS_DIR; };
		1A482132BAD9A14389524359 = {isa = PBXBuildFile; fileRef = C22020586EECF16E98878E14; settings = {ATTRIBUTES = (RemoveHeadersOnCopy, ); }; };
		1A819218ACE7B77717A1A433 = {isa = PBXBuildFile; fileRef = B9F2679221B94204859455B8; };
		1CBEAF349A4A51C6393460AF = {isa = PBXBuildFile; fileRef = D74CEBE445C35AD493528BEA; };
		1F6977E88C12B5CB318D5E00 = {isa = PBXFileReference; lastKnownFileType = folder.assetcatalog; path = "Assets.xcassets"; sourceTree = "<group>"; };
		22C88C49F9105724E47B8B95 = {isa = PBXFileReference; lastKnownFileType = sourcecode.swift; path = "RootView.swift"; sourceTree = "<group>"; };
		2C113A91532D29721F71E131 = {isa = PBXFileReference; lastKnownFileType = sourcecode.swift; path = "PhoneRecorder.swift"; sourceTree = "<group>"; };
		2EA441C56D8A48216EDB0C1A = {isa = PBXBuildFile; fileRef = 9A52DE5BC93FC3A85B808936; };
		33B920DE3F246791CC273B31 = {isa = PBXFileReference; lastKnownFileType = sourcecode.swift; path = "BackgroundProcessing.swift"; sourceTree = "<group>"; };
		3A787C5DEE790A8B103D0171 = {isa = XCSwiftPackageProductDependency; productName = EarnoteCore; };
		3B0D1929261B4D2CF8C45996 = {isa = PBXBuildFile; fileRef = 0DE4A94D89DCA373C40DEBE1; };
		3F3265622B38BB36A596B94A = {isa = PBXGroup; children = (8FC669FEF1836EF961CF1217, FCDF8ADC6889C6891940E2BF, CF988B98A34C75CBBB40439D, D74CEBE445C35AD493528BEA, 8D9DB239E890CD381958612A, 4452B043BA242C2C668CF0B3, EC91C10B57F02EB9D777D14D, 9A52DE5BC93FC3A85B808936, ); name = "Gemeinsam mit dem Mac"; sourceTree = "<group>"; };
		40A3630246FBB10A7B2F97A2 = {isa = PBXSourcesBuildPhase; buildActionMask = 2147483647; files = (3B0D1929261B4D2CF8C45996, 61F72640424CB8CDCCA4CE2A, ); runOnlyForDeploymentPostprocessing = 0; };
		4452B043BA242C2C668CF0B3 = {isa = PBXFileReference; lastKnownFileType = sourcecode.swift; name = "LocalModels.swift"; path = "Earnote/AI/LocalModels.swift"; sourceTree = SOURCE_ROOT; };
		4C2C5984A7AF533A94BE8088 = {isa = PBXBuildFile; fileRef = B1A1D4880A6CE975E9DFDA47; };
		4D3B84233957440EEAF850CA = {isa = PBXGroup; children = (33B920DE3F246791CC273B31, 908245A7C1EB4605CF0A89CA, BEF732C7FF631354F4600918, B1A1D4880A6CE975E9DFDA47, ); path = "App"; sourceTree = "<group>"; };
		5027DA676D0D08A7C49FD5C1 = {isa = PBXBuildFile; fileRef = FC1C78F7061D8745C2344006; };
		59B3F24F1E98659A4D5495D6 = {isa = PBXGroup; children = (B1BF2B4FEAA36E4B1B389CB1, B6BA28AA6C73ADB0AA574D45, 3F3265622B38BB36A596B94A, EEED4C8440EFB748CAE42F9F, 7920211DCD19FDC0AFDDEB92, ); sourceTree = "<group>"; };
		5E1083D8C4DEBF2CF8A87486 = {isa = XCSwiftPackageProductDependency; productName = EarnoteML; };
		61F72640424CB8CDCCA4CE2A = {isa = PBXBuildFile; fileRef = 927179C3C1154BB6DDE234B7; };
		621542226E3C23F4AACE493A = {isa = PBXGroup; children = (927179C3C1154BB6DDE234B7, ); path = "Shared"; sourceTree = "<group>"; };
		625C9D4B3F7E4D45E3D67210 = {isa = PBXBuildFile; fileRef = 9A52DE5BC93FC3A85B808936; };
		64726B78F1BB63FE1789CF34 = {isa = XCConfigurationList; buildConfigurations = (BA9D3B2189DD77F3875F8C01, EC94F59F02F1D3838B9CA753, ); defaultConfigurationIsVisible = 0; defaultConfigurationName = Release; };
		65E26F7099FFA2CEBE84F5A7 = {isa = PBXBuildFile; fileRef = 4452B043BA242C2C668CF0B3; };
		69AD64812EE22AFE974F4208 = {isa = PBXBuildFile; fileRef = 927179C3C1154BB6DDE234B7; };
		6AC3A3906FA6D45F0BCD1755 = {isa = XCBuildConfiguration; buildSettings = {ONLY_ACTIVE_ARCH = "YES"; SWIFT_OPTIMIZATION_LEVEL = "-Onone"; ENABLE_TESTABILITY = "YES"; SWIFT_ACTIVE_COMPILATION_CONDITIONS = "DEBUG"; DEBUG_INFORMATION_FORMAT = "dwarf"; SDKROOT = "iphoneos"; }; name = Debug; };
		6DE393700AA8358D698CFCEC = {isa = PBXCopyFilesBuildPhase; buildActionMask = 2147483647; dstPath = ""; dstSubfolderSpec = 13; files = (1A482132BAD9A14389524359, ); name = "Embed Foundation Extensions"; runOnlyForDeploymentPostprocessing = 0; };
		6FA3C7C5AC57005F846605CE = {isa = PBXFrameworksBuildPhase; buildActionMask = 2147483647; files = (DCF639A7E92F9B9E3AC550F3, CAD429ED8A42204AA03DE3B7, ); runOnlyForDeploymentPostprocessing = 0; };
		7398C8BDE9631E2930A92064 = {isa = PBXBuildFile; fileRef = 2C113A91532D29721F71E131; };
		7920211DCD19FDC0AFDDEB92 = {isa = PBXGroup; children = (168BDFA20EDD31215557A659, C22020586EECF16E98878E14, ); name = Products; sourceTree = "<group>"; };
		7AF8C14EBA2E8A85E0D9C78B = {isa = PBXBuildFile; fileRef = AAACD05EEFE41BACADAFA494; };
		7B3D50287687314FC6395B9E = {isa = PBXFileReference; lastKnownFileType = text.plist.xml; path = "Info.plist"; sourceTree = "<group>"; };
		7D7A9EB30ADAC837A67975E0 = {isa = PBXBuildFile; fileRef = 8D9DB239E890CD381958612A; };
		87034EC3332291C3C3000889 = {isa = PBXBuildFile; fileRef = FCDF8ADC6889C6891940E2BF; };
		896365C2C8312FD4A60086EC = {isa = XCBuildConfiguration; buildSettings = {CODE_SIGN_STYLE = "Automatic"; CURRENT_PROJECT_VERSION = "922"; DEVELOPMENT_TEAM = ""; IPHONEOS_DEPLOYMENT_TARGET = "26.0"; MARKETING_VERSION = "0.9.22"; SDKROOT = "iphoneos"; SUPPORTED_PLATFORMS = "iphoneos iphonesimulator"; SWIFT_VERSION = "6.0"; TARGETED_DEVICE_FAMILY = "1"; SWIFT_EMIT_LOC_STRINGS = "YES"; GENERATE_INFOPLIST_FILE = "YES"; INFOPLIST_FILE = "EarnoteWidgets/Info.plist"; INFOPLIST_KEY_CFBundleDisplayName = "Earnote"; LD_RUNPATH_SEARCH_PATHS = "$(inherited) @executable_path/Frameworks @executable_path/../../Frameworks"; PRODUCT_BUNDLE_IDENTIFIER = "app.earnote.Earnote.Widgets"; PRODUCT_NAME = "$(TARGET_NAME)"; SKIP_INSTALL = "YES"; }; name = Release; };
		8AF865A6B32F798ECF95C168 = {isa = PBXBuildFile; fileRef = ECA45F85E73D7376A877A6DA; };
		8D88AD524EF793D635BA4661 = {isa = PBXResourcesBuildPhase; buildActionMask = 2147483647; files = (2EA441C56D8A48216EDB0C1A, ); runOnlyForDeploymentPostprocessing = 0; };
		8D9DB239E890CD381958612A = {isa = PBXFileReference; lastKnownFileType = sourcecode.swift; name = "AppleIntelligenceClient.swift"; path = "Earnote/AI/AppleIntelligenceClient.swift"; sourceTree = SOURCE_ROOT; };
		8F1582CD6EFDFEFD82B21360 = {isa = PBXContainerItemProxy; containerPortal = 0841520893BACA8F489A582F; proxyType = 1; remoteGlobalIDString = 950D0AFB77BC1D052CE81B8A; remoteInfo = EarnoteWidgets; };
		8FC669FEF1836EF961CF1217 = {isa = PBXFileReference; lastKnownFileType = sourcecode.swift; name = "LibraryStore.swift"; path = "Earnote/Stores/LibraryStore.swift"; sourceTree = SOURCE_ROOT; };
		908245A7C1EB4605CF0A89CA = {isa = PBXFileReference; lastKnownFileType = sourcecode.swift; path = "EarnoteiOSApp.swift"; sourceTree = "<group>"; };
		927179C3C1154BB6DDE234B7 = {isa = PBXFileReference; lastKnownFileType = sourcecode.swift; path = "RecordingActivity.swift"; sourceTree = "<group>"; };
		931EFC9D93283B2A8D76A940 = {isa = PBXSourcesBuildPhase; buildActionMask = 2147483647; files = (9C062665C8614B9B865F8D22, 0AD7A50997197BD313206CAA, EF80722B351D4619EF6EF155, 4C2C5984A7AF533A94BE8088, 7398C8BDE9631E2930A92064, 69AD64812EE22AFE974F4208, E9FBC7DBB7012B256BF81EB0, 7AF8C14EBA2E8A85E0D9C78B, 8AF865A6B32F798ECF95C168, FF57B849AE6853D588823B51, 1A819218ACE7B77717A1A433, 5027DA676D0D08A7C49FD5C1, 9F85619FC236D4C8644887D6, 95241C81151616D74C89FB2A, CA5C28B6D1D9C4CF81C3859F, 9F35C6E627BF570F6BF49B80, 87034EC3332291C3C3000889, 0D6E36C53E9A413A7ECB6B9A, 1CBEAF349A4A51C6393460AF, 7D7A9EB30ADAC837A67975E0, 65E26F7099FFA2CEBE84F5A7, E74D4D9301CCDDDF63BFC9A7, ); runOnlyForDeploymentPostprocessing = 0; };
		950D0AFB77BC1D052CE81B8A = {isa = PBXNativeTarget; buildConfigurationList = 9F4120F6C0ACEC42E4FF1119; buildPhases = (40A3630246FBB10A7B2F97A2, 8D88AD524EF793D635BA4661, ); buildRules = (); dependencies = (); name = EarnoteWidgets; productName = EarnoteWidgets; productReference = C22020586EECF16E98878E14; productType = "com.apple.product-type.app-extension"; };
		95241C81151616D74C89FB2A = {isa = PBXBuildFile; fileRef = A6B49DEC4203DBB632155C09; };
		979AF9ADC2CAF92504F9CE9F = {isa = PBXFileReference; lastKnownFileType = sourcecode.swift; path = "SettingsSheet.swift"; sourceTree = "<group>"; };
		9A52DE5BC93FC3A85B808936 = {isa = PBXVariantGroup; children = (0979D0C76F829B4B94A94A8E, ); name = Localizable.strings; sourceTree = "<group>"; };
		9C062665C8614B9B865F8D22 = {isa = PBXBuildFile; fileRef = 33B920DE3F246791CC273B31; };
		9F35C6E627BF570F6BF49B80 = {isa = PBXBuildFile; fileRef = 8FC669FEF1836EF961CF1217; };
		9F4120F6C0ACEC42E4FF1119 = {isa = XCConfigurationList; buildConfigurations = (EF1971B2D199154186230CD7, 896365C2C8312FD4A60086EC, ); defaultConfigurationIsVisible = 0; defaultConfigurationName = Release; };
		9F85619FC236D4C8644887D6 = {isa = PBXBuildFile; fileRef = 22C88C49F9105724E47B8B95; };
		A6B49DEC4203DBB632155C09 = {isa = PBXFileReference; lastKnownFileType = sourcecode.swift; path = "SearchView.swift"; sourceTree = "<group>"; };
		A8819D40B9868FFD56856387 = {isa = XCLocalSwiftPackageReference; relativePath = "Packages/EarnoteKit"; };
		AAACD05EEFE41BACADAFA494 = {isa = PBXFileReference; lastKnownFileType = sourcecode.swift; path = "LearnView.swift"; sourceTree = "<group>"; };
		B1A1D4880A6CE975E9DFDA47 = {isa = PBXFileReference; lastKnownFileType = sourcecode.swift; path = "PhoneEnvironment.swift"; sourceTree = "<group>"; };
		B1BF2B4FEAA36E4B1B389CB1 = {isa = PBXGroup; children = (4D3B84233957440EEAF850CA, C90BE6EAB247F6486903AAB2, 12B6C9854EEF32D6EE93F1B4, 621542226E3C23F4AACE493A, 01E8C05BF515E52EF12A186E, ); path = "EarnoteiOS"; sourceTree = "<group>"; };
		B63BAA815A08CF691250E72F = {isa = PBXNativeTarget; buildConfigurationList = 64726B78F1BB63FE1789CF34; buildPhases = (931EFC9D93283B2A8D76A940, 6FA3C7C5AC57005F846605CE, DF2594C50884C28B3AE88F63, 6DE393700AA8358D698CFCEC, ); buildRules = (); dependencies = (ED7B0CA188C3D7884556D80E, ); name = EarnoteiOS; packageProductDependencies = (3A787C5DEE790A8B103D0171, 5E1083D8C4DEBF2CF8A87486, ); productName = EarnoteiOS; productReference = 168BDFA20EDD31215557A659; productType = "com.apple.product-type.application"; };
		B6BA28AA6C73ADB0AA574D45 = {isa = PBXGroup; children = (0DE4A94D89DCA373C40DEBE1, F30BBED6A6F4C4433D2FF9BA, ); path = "EarnoteWidgets"; sourceTree = "<group>"; };
		B9285D330FBAD20402CF3D37 = {isa = PBXFileReference; lastKnownFileType = sourcecode.swift; path = "Brand.swift"; sourceTree = "<group>"; };
		B9F2679221B94204859455B8 = {isa = PBXFileReference; lastKnownFileType = sourcecode.swift; path = "RecordingDetailView.swift"; sourceTree = "<group>"; };
		BA9D3B2189DD77F3875F8C01 = {isa = XCBuildConfiguration; buildSettings = {ASSETCATALOG_COMPILER_APPICON_NAME = "AppIcon"; ASSETCATALOG_COMPILER_GLOBAL_ACCENT_COLOR_NAME = "AccentColor"; CODE_SIGN_STYLE = "Automatic"; CURRENT_PROJECT_VERSION = "922"; DEVELOPMENT_TEAM = ""; GENERATE_INFOPLIST_FILE = "YES"; INFOPLIST_FILE = "EarnoteiOS/Resources/Info.plist"; INFOPLIST_KEY_NSSpeechRecognitionUsageDescription = "Earnote schreibt deine Aufnahmen mit der Spracherkennung auf deinem iPhone mit."; INFOPLIST_KEY_CFBundleDisplayName = "Earnote"; INFOPLIST_KEY_NSSupportsLiveActivities = "YES"; INFOPLIST_KEY_NSMicrophoneUsageDescription = "Earnote nimmt Vorlesungen und Meetings auf, um daraus Notizen zu schreiben. Die Aufnahme bleibt auf deinem iPhone."; INFOPLIST_KEY_UIApplicationSceneManifest_Generation = "YES"; INFOPLIST_KEY_UILaunchScreen_Generation = "YES"; INFOPLIST_KEY_UISupportedInterfaceOrientations = "UIInterfaceOrientationPortrait"; IPHONEOS_DEPLOYMENT_TARGET = "26.0"; LD_RUNPATH_SEARCH_PATHS = "$(inherited) @executable_path/Frameworks"; MARKETING_VERSION = "0.9.22"; PRODUCT_BUNDLE_IDENTIFIER = "app.earnote.Earnote"; PRODUCT_NAME = "$(TARGET_NAME)"; SDKROOT = "iphoneos"; SUPPORTED_PLATFORMS = "iphoneos iphonesimulator"; SWIFT_EMIT_LOC_STRINGS = "YES"; SWIFT_VERSION = "6.0"; TARGETED_DEVICE_FAMILY = "1"; }; name = Debug; };
		BEF732C7FF631354F4600918 = {isa = PBXFileReference; lastKnownFileType = sourcecode.swift; path = "LiveActivityController.swift"; sourceTree = "<group>"; };
		C22020586EECF16E98878E14 = {isa = PBXFileReference; explicitFileType = "wrapper.app-extension"; includeInIndex = 0; path = EarnoteWidgets.appex; sourceTree = BUILT_PRODUCTS_DIR; };
		C90BE6EAB247F6486903AAB2 = {isa = PBXGroup; children = (2C113A91532D29721F71E131, ); path = "Recording"; sourceTree = "<group>"; };
		CA5C28B6D1D9C4CF81C3859F = {isa = PBXBuildFile; fileRef = 979AF9ADC2CAF92504F9CE9F; };
		CAD429ED8A42204AA03DE3B7 = {isa = PBXBuildFile; productRef = 5E1083D8C4DEBF2CF8A87486; };
		CF988B98A34C75CBBB40439D = {isa = PBXFileReference; lastKnownFileType = sourcecode.swift; name = "TranscriberFactory.swift"; path = "Earnote/Transcription/TranscriberFactory.swift"; sourceTree = SOURCE_ROOT; };
		D5AC48D7F14737558820BFBD = {isa = XCBuildConfiguration; buildSettings = {SWIFT_COMPILATION_MODE = "wholemodule"; SWIFT_OPTIMIZATION_LEVEL = "-O"; DEBUG_INFORMATION_FORMAT = "dwarf-with-dsym"; SDKROOT = "iphoneos"; VALIDATE_PRODUCT = "YES"; }; name = Release; };
		D74CEBE445C35AD493528BEA = {isa = PBXFileReference; lastKnownFileType = sourcecode.swift; name = "PlatformLLMClients.swift"; path = "Earnote/AI/PlatformLLMClients.swift"; sourceTree = SOURCE_ROOT; };
		DCF639A7E92F9B9E3AC550F3 = {isa = PBXBuildFile; productRef = 3A787C5DEE790A8B103D0171; };
		DF2594C50884C28B3AE88F63 = {isa = PBXResourcesBuildPhase; buildActionMask = 2147483647; files = (1193D98623BAEDF03B6FC24B, 625C9D4B3F7E4D45E3D67210, ); runOnlyForDeploymentPostprocessing = 0; };
		E74D4D9301CCDDDF63BFC9A7 = {isa = PBXBuildFile; fileRef = EC91C10B57F02EB9D777D14D; };
		E9FBC7DBB7012B256BF81EB0 = {isa = PBXBuildFile; fileRef = B9285D330FBAD20402CF3D37; };
		EC91C10B57F02EB9D777D14D = {isa = PBXFileReference; lastKnownFileType = sourcecode.swift; name = "DemoLibrary.swift"; path = "Earnote/App/DemoLibrary.swift"; sourceTree = SOURCE_ROOT; };
		EC94F59F02F1D3838B9CA753 = {isa = XCBuildConfiguration; buildSettings = {ASSETCATALOG_COMPILER_APPICON_NAME = "AppIcon"; ASSETCATALOG_COMPILER_GLOBAL_ACCENT_COLOR_NAME = "AccentColor"; CODE_SIGN_STYLE = "Automatic"; CURRENT_PROJECT_VERSION = "922"; DEVELOPMENT_TEAM = ""; GENERATE_INFOPLIST_FILE = "YES"; INFOPLIST_FILE = "EarnoteiOS/Resources/Info.plist"; INFOPLIST_KEY_NSSpeechRecognitionUsageDescription = "Earnote schreibt deine Aufnahmen mit der Spracherkennung auf deinem iPhone mit."; INFOPLIST_KEY_CFBundleDisplayName = "Earnote"; INFOPLIST_KEY_NSSupportsLiveActivities = "YES"; INFOPLIST_KEY_NSMicrophoneUsageDescription = "Earnote nimmt Vorlesungen und Meetings auf, um daraus Notizen zu schreiben. Die Aufnahme bleibt auf deinem iPhone."; INFOPLIST_KEY_UIApplicationSceneManifest_Generation = "YES"; INFOPLIST_KEY_UILaunchScreen_Generation = "YES"; INFOPLIST_KEY_UISupportedInterfaceOrientations = "UIInterfaceOrientationPortrait"; IPHONEOS_DEPLOYMENT_TARGET = "26.0"; LD_RUNPATH_SEARCH_PATHS = "$(inherited) @executable_path/Frameworks"; MARKETING_VERSION = "0.9.22"; PRODUCT_BUNDLE_IDENTIFIER = "app.earnote.Earnote"; PRODUCT_NAME = "$(TARGET_NAME)"; SDKROOT = "iphoneos"; SUPPORTED_PLATFORMS = "iphoneos iphonesimulator"; SWIFT_EMIT_LOC_STRINGS = "YES"; SWIFT_VERSION = "6.0"; TARGETED_DEVICE_FAMILY = "1"; }; name = Release; };
		ECA45F85E73D7376A877A6DA = {isa = PBXFileReference; lastKnownFileType = sourcecode.swift; path = "OnboardingView.swift"; sourceTree = "<group>"; };
		ED7B0CA188C3D7884556D80E = {isa = PBXTargetDependency; target = 950D0AFB77BC1D052CE81B8A; targetProxy = 8F1582CD6EFDFEFD82B21360; };
		EEED4C8440EFB748CAE42F9F = {isa = PBXFileReference; lastKnownFileType = wrapper; path = "Packages/EarnoteKit"; sourceTree = "<group>"; };
		EF1971B2D199154186230CD7 = {isa = XCBuildConfiguration; buildSettings = {CODE_SIGN_STYLE = "Automatic"; CURRENT_PROJECT_VERSION = "922"; DEVELOPMENT_TEAM = ""; IPHONEOS_DEPLOYMENT_TARGET = "26.0"; MARKETING_VERSION = "0.9.22"; SDKROOT = "iphoneos"; SUPPORTED_PLATFORMS = "iphoneos iphonesimulator"; SWIFT_VERSION = "6.0"; TARGETED_DEVICE_FAMILY = "1"; SWIFT_EMIT_LOC_STRINGS = "YES"; GENERATE_INFOPLIST_FILE = "YES"; INFOPLIST_FILE = "EarnoteWidgets/Info.plist"; INFOPLIST_KEY_CFBundleDisplayName = "Earnote"; LD_RUNPATH_SEARCH_PATHS = "$(inherited) @executable_path/Frameworks @executable_path/../../Frameworks"; PRODUCT_BUNDLE_IDENTIFIER = "app.earnote.Earnote.Widgets"; PRODUCT_NAME = "$(TARGET_NAME)"; SKIP_INSTALL = "YES"; }; name = Debug; };
		EF80722B351D4619EF6EF155 = {isa = PBXBuildFile; fileRef = BEF732C7FF631354F4600918; };
		F1850A630C810881736DB971 = {isa = PBXFileReference; lastKnownFileType = sourcecode.swift; path = "RecordSheet.swift"; sourceTree = "<group>"; };
		F30BBED6A6F4C4433D2FF9BA = {isa = PBXFileReference; lastKnownFileType = text.plist.xml; path = "Info.plist"; sourceTree = "<group>"; };
		FC1C78F7061D8745C2344006 = {isa = PBXFileReference; lastKnownFileType = sourcecode.swift; path = "RecordingsView.swift"; sourceTree = "<group>"; };
		FCDF8ADC6889C6891940E2BF = {isa = PBXFileReference; lastKnownFileType = sourcecode.swift; name = "AppleSpeechTranscriber.swift"; path = "Earnote/Transcription/AppleSpeechTranscriber.swift"; sourceTree = SOURCE_ROOT; };
		FF57B849AE6853D588823B51 = {isa = PBXBuildFile; fileRef = F1850A630C810881736DB971; };
	};
	rootObject = 0841520893BACA8F489A582F;
}
