// !$*UTF8*$!
{
	archiveVersion = 1;
	classes = {
	};
	objectVersion = 60;
	objects = {
		0A2C978E52A76F0AA9F68BB5 = {isa = PBXGroup; children = (F5BF48AA40CAD7891EB709FC, ); name = Products; sourceTree = "<group>"; };
		0DF0AF43D7B59CC3D18639A6 = {isa = PBXBuildFile; fileRef = 9467FE25619D66F84C61EDD6; };
		0E4F17677D796D1FEFE0ADA6 = {isa = XCBuildConfiguration; buildSettings = {ASSETCATALOG_COMPILER_APPICON_NAME = AppIcon; ASSETCATALOG_COMPILER_GLOBAL_ACCENT_COLOR_NAME = AccentColor; CODE_SIGN_ENTITLEMENTS = "Earmark/Resources/Earmark.entitlements"; CODE_SIGN_IDENTITY = "-"; CODE_SIGN_STYLE = Automatic; COMBINE_HIDPI_IMAGES = YES; CURRENT_PROJECT_VERSION = 1; DEVELOPMENT_TEAM = ""; ENABLE_HARDENED_RUNTIME = YES; GENERATE_INFOPLIST_FILE = NO; INFOPLIST_FILE = "Earmark/Resources/Info.plist"; LD_RUNPATH_SEARCH_PATHS = "$(inherited) @executable_path/../Frameworks"; MACOSX_DEPLOYMENT_TARGET = 14.4; MARKETING_VERSION = 0.1.0; PRODUCT_BUNDLE_IDENTIFIER = app.earmark.Earmark; PRODUCT_NAME = "$(TARGET_NAME)"; SWIFT_EMIT_LOC_STRINGS = YES; SWIFT_VERSION = 5.0; }; name = Release; };
		125AE9FABDFE65AB5C9835EF = {isa = PBXGroup; children = (ABDD771D68AA8C23CE1AE4A5, ); path = "Components"; sourceTree = "<group>"; };
		17D97B51158FD9C6BB9DB729 = {isa = PBXBuildFile; fileRef = 3DC9CC03C956F3BF56FBB67E; };
		1BB40C3EF51C0932A1736FF6 = {isa = PBXBuildFile; fileRef = BD70640414B285E51AFCE618; };
		1EF5C4BC271E0626F130203E = {isa = PBXBuildFile; fileRef = EAC5BBC7313752F5E3CBC78C; };
		24BD93DC3CD2589603017DAC = {isa = PBXFileReference; lastKnownFileType = sourcecode.swift; path = "EarmarkApp.swift"; sourceTree = "<group>"; };
		267AEBE1BACFD8AB573455B5 = {isa = PBXGroup; children = (462145CC8BCB68199B5EA0AD, 24BD93DC3CD2589603017DAC, ); path = "App"; sourceTree = "<group>"; };
		2B731CEFC6751AAE0EC69B98 = {isa = PBXGroup; children = (60BC4328DC8F4A5E8529A388, 0A2C978E52A76F0AA9F68BB5, ); sourceTree = "<group>"; };
		2DA46E970D85304A4803CB46 = {isa = PBXBuildFile; fileRef = 457D7BDCF403D63AE76B7696; };
		301A77E129BF1D2AE75B147A = {isa = PBXBuildFile; fileRef = B1EA10D438A996BB3600DAA6; };
		31812C42FFDC158E04C59B5F = {isa = PBXFileReference; lastKnownFileType = text.plist.entitlements; path = "Earmark.entitlements"; sourceTree = "<group>"; };
		33ADCAECE4EDE46773B1A637 = {isa = PBXFileReference; lastKnownFileType = sourcecode.swift; path = "CLIClient.swift"; sourceTree = "<group>"; };
		33DE68B6EAECD9C2D2763A6D = {isa = PBXFileReference; lastKnownFileType = sourcecode.swift; path = "Storage.swift"; sourceTree = "<group>"; };
		354B32C9827E9FFA4BB0FAFA = {isa = PBXGroup; children = (657C72F8C01E4772EC0BD970, C935DAABC2494B986C1B7E70, ); path = "Destinations"; sourceTree = "<group>"; };
		3A575EC3E0CA3A224EBA2035 = {isa = PBXGroup; children = (EE01489DFF6DCE0E38AFBD52, B72E61D0A1A012F073832A8B, ); path = "Settings"; sourceTree = "<group>"; };
		3CFB212459BA8035CF5A5F5D = {isa = PBXFileReference; lastKnownFileType = sourcecode.swift; path = "Recording.swift"; sourceTree = "<group>"; };
		3DC9CC03C956F3BF56FBB67E = {isa = PBXFileReference; lastKnownFileType = sourcecode.swift; path = "MicRecorder.swift"; sourceTree = "<group>"; };
		41A8FD3D806B5781FC6EA59D = {isa = PBXFileReference; lastKnownFileType = text.plist.xml; path = "Info.plist"; sourceTree = "<group>"; };
		4225C6E7D6A6793B8379F443 = {isa = PBXGroup; children = (B1EA10D438A996BB3600DAA6, 33ADCAECE4EDE46773B1A637, 56973D004E68E4C870D70088, A62602230ED62ADEF4F53907, ); path = "AI"; sourceTree = "<group>"; };
		42AEFBAE01D2DFD981F7DA7D = {isa = PBXNativeTarget; buildConfigurationList = E589D98E9C10B6E6EF092B1C; buildPhases = (C4D5163706E5908DC9E032F3, C18F88D444D8FE65E18D39E9, 4FDAD6DB49035FA75C21467D, ); buildRules = (); dependencies = (); name = Earmark; packageProductDependencies = (92F41202C1944DC842A9363C, ); productName = Earmark; productReference = F5BF48AA40CAD7891EB709FC; productType = "com.apple.product-type.application"; };
		4474AFD08E8E8138C2D9081C = {isa = PBXBuildFile; fileRef = F3B067E9BC47ABB376BDAA31; };
		457D7BDCF403D63AE76B7696 = {isa = PBXFileReference; lastKnownFileType = sourcecode.swift; path = "Transcriber.swift"; sourceTree = "<group>"; };
		462145CC8BCB68199B5EA0AD = {isa = PBXFileReference; lastKnownFileType = sourcecode.swift; path = "AppState.swift"; sourceTree = "<group>"; };
		46F86FAA6BBF9AC94A7E4595 = {isa = PBXProject; attributes = {BuildIndependentTargetsInParallel = 1; LastSwiftUpdateCheck = 1600; LastUpgradeCheck = 1600; TargetAttributes = {42AEFBAE01D2DFD981F7DA7D = {CreatedOnToolsVersion = 16.0; }; }; }; buildConfigurationList = F1BD16AC042ADC70C47A3592; compatibilityVersion = "Xcode 14.0"; developmentRegion = de; hasScannedForEncodings = 0; knownRegions = (de, en, Base, ); mainGroup = 2B731CEFC6751AAE0EC69B98; packageReferences = (5D04903E7794BBEB1B25F748, ); productRefGroup = 0A2C978E52A76F0AA9F68BB5; projectDirPath = ""; projectRoot = ""; targets = (42AEFBAE01D2DFD981F7DA7D, ); };
		48BD05182D3EA0ECDE74A801 = {isa = PBXBuildFile; fileRef = 8E39A3FC0903FC15C9C84B1F; };
		48EECCAF8BCF5C1975445659 = {isa = PBXFileReference; lastKnownFileType = sourcecode.swift; path = "CoreAudioUtils.swift"; sourceTree = "<group>"; };
		4FDAD6DB49035FA75C21467D = {isa = PBXResourcesBuildPhase; buildActionMask = 2147483647; files = (5A05BA6CB59A5DBB4ED9BE86, ); runOnlyForDeploymentPostprocessing = 0; };
		52A5FAF99A1A5789A7BDEC43 = {isa = PBXGroup; children = (7D3E5BF56824231D48CC1452, ); path = "Onboarding"; sourceTree = "<group>"; };
		5362B093FB279037C74BB378 = {isa = PBXFileReference; lastKnownFileType = sourcecode.swift; path = "FloatingPanels.swift"; sourceTree = "<group>"; };
		56973D004E68E4C870D70088 = {isa = PBXFileReference; lastKnownFileType = sourcecode.swift; path = "LLMClient.swift"; sourceTree = "<group>"; };
		5A05BA6CB59A5DBB4ED9BE86 = {isa = PBXBuildFile; fileRef = A62DB2A791A84A09B5AA1AEE; };
		5D04903E7794BBEB1B25F748 = {isa = XCRemoteSwiftPackageReference; repositoryURL = "https://github.com/argmaxinc/WhisperKit"; requirement = {kind = upToNextMinorVersion; minimumVersion = 0.13.0; }; };
		5D6BE5A19536F6D6EA2C7234 = {isa = PBXBuildFile; fileRef = 56973D004E68E4C870D70088; };
		5E2A209F8D64917B084FC483 = {isa = PBXFileReference; lastKnownFileType = sourcecode.swift; path = "RecordingSession.swift"; sourceTree = "<group>"; };
		5F493D8C322BD2937763C6DA = {isa = PBXBuildFile; fileRef = C935DAABC2494B986C1B7E70; };
		60403FC6D62B200788F2CA6C = {isa = PBXBuildFile; fileRef = 9A09ACDDC5B243073D696512; };
		60BC4328DC8F4A5E8529A388 = {isa = PBXGroup; children = (4225C6E7D6A6793B8379F443, 267AEBE1BACFD8AB573455B5, 8BFB934BFB2BCC8CB3E2A4A6, 354B32C9827E9FFA4BB0FAFA, D124483EF0233AEE30ED7A11, 78293C213848B86FA7E3E3C8, 64A31DAC7376B8992A6D7FEE, 9771B1BD53E043B4C6045E1C, 785A62F6730D915597ED2079, ); path = "Earmark"; sourceTree = "<group>"; };
		64A31DAC7376B8992A6D7FEE = {isa = PBXGroup; children = (9467FE25619D66F84C61EDD6, CD8F3222CEBF169F376FC28E, 33DE68B6EAECD9C2D2763A6D, 8E39A3FC0903FC15C9C84B1F, ); path = "Services"; sourceTree = "<group>"; };
		657C72F8C01E4772EC0BD970 = {isa = PBXFileReference; lastKnownFileType = sourcecode.swift; path = "Destination.swift"; sourceTree = "<group>"; };
		73BD3478A438009F51DE9294 = {isa = PBXBuildFile; fileRef = 462145CC8BCB68199B5EA0AD; };
		75A49220B65650188E2F2CE4 = {isa = XCBuildConfiguration; buildSettings = {ALWAYS_SEARCH_USER_PATHS = NO; CLANG_ENABLE_MODULES = YES; CLANG_ENABLE_OBJC_ARC = YES; COPY_PHASE_STRIP = NO; ENABLE_STRICT_OBJC_MSGSEND = YES; ENABLE_USER_SCRIPT_SANDBOXING = YES; GCC_C_LANGUAGE_STANDARD = gnu17; MACOSX_DEPLOYMENT_TARGET = 14.4; SDKROOT = macosx; DEBUG_INFORMATION_FORMAT = "dwarf-with-dsym"; ENABLE_NS_ASSERTIONS = NO; SWIFT_COMPILATION_MODE = wholemodule; SWIFT_OPTIMIZATION_LEVEL = "-O"; MTL_ENABLE_DEBUG_INFO = NO; }; name = Release; };
		78293C213848B86FA7E3E3C8 = {isa = PBXGroup; children = (A62DB2A791A84A09B5AA1AEE, 31812C42FFDC158E04C59B5F, 41A8FD3D806B5781FC6EA59D, ); path = "Resources"; sourceTree = "<group>"; };
		785A62F6730D915597ED2079 = {isa = PBXGroup; children = (125AE9FABDFE65AB5C9835EF, 8CC2921F5226968F8C44961D, 52A5FAF99A1A5789A7BDEC43, 3A575EC3E0CA3A224EBA2035, 5362B093FB279037C74BB378, 9A09ACDDC5B243073D696512, ); path = "Views"; sourceTree = "<group>"; };
		796BA92ADCEC93701E8B8F12 = {isa = PBXBuildFile; fileRef = 9CAADCD097E550822C479C19; };
		7D3E5BF56824231D48CC1452 = {isa = PBXFileReference; lastKnownFileType = sourcecode.swift; path = "OnboardingView.swift"; sourceTree = "<group>"; };
		7D5EB037BDC599DA48473CE4 = {isa = PBXBuildFile; fileRef = EE01489DFF6DCE0E38AFBD52; };
		7DC516984138FD9B5C149F64 = {isa = PBXBuildFile; fileRef = 33DE68B6EAECD9C2D2763A6D; };
		7EF382651175621905D26B49 = {isa = PBXBuildFile; fileRef = CD8F3222CEBF169F376FC28E; };
		85D773D134196023B1719E21 = {isa = PBXBuildFile; fileRef = 5E2A209F8D64917B084FC483; };
		8BFB934BFB2BCC8CB3E2A4A6 = {isa = PBXGroup; children = (A4B733C3FC4D3B9A135868CF, 48EECCAF8BCF5C1975445659, 3DC9CC03C956F3BF56FBB67E, 5E2A209F8D64917B084FC483, C4E95AD65D64DDF9367374CA, ); path = "Audio"; sourceTree = "<group>"; };
		8CC2921F5226968F8C44961D = {isa = PBXGroup; children = (93355F4907880FA94AE4C830, BD70640414B285E51AFCE618, ); path = "Main"; sourceTree = "<group>"; };
		8E39A3FC0903FC15C9C84B1F = {isa = PBXFileReference; lastKnownFileType = sourcecode.swift; path = "SystemServices.swift"; sourceTree = "<group>"; };
		8F8C7B1880816CD1318F1AC2 = {isa = PBXBuildFile; fileRef = ABDD771D68AA8C23CE1AE4A5; };
		92F41202C1944DC842A9363C = {isa = XCSwiftPackageProductDependency; package = 5D04903E7794BBEB1B25F748; productName = WhisperKit; };
		93355F4907880FA94AE4C830 = {isa = PBXFileReference; lastKnownFileType = sourcecode.swift; path = "MainView.swift"; sourceTree = "<group>"; };
		9467FE25619D66F84C61EDD6 = {isa = PBXFileReference; lastKnownFileType = sourcecode.swift; path = "Keychain.swift"; sourceTree = "<group>"; };
		94D4D3D611487F3083AC7FAB = {isa = PBXBuildFile; fileRef = C4E95AD65D64DDF9367374CA; };
		9634B8DF91D46A59D46F4E00 = {isa = PBXBuildFile; fileRef = A4B733C3FC4D3B9A135868CF; };
		976D95173176E7663504C3CE = {isa = PBXBuildFile; fileRef = 24BD93DC3CD2589603017DAC; };
		9771B1BD53E043B4C6045E1C = {isa = PBXGroup; children = (ACAD75822DDD44FF359E4132, 457D7BDCF403D63AE76B7696, 9CAADCD097E550822C479C19, ); path = "Transcription"; sourceTree = "<group>"; };
		9A09ACDDC5B243073D696512 = {isa = PBXFileReference; lastKnownFileType = sourcecode.swift; path = "MenuBarView.swift"; sourceTree = "<group>"; };
		9CAADCD097E550822C479C19 = {isa = PBXFileReference; lastKnownFileType = sourcecode.swift; path = "WhisperTranscriber.swift"; sourceTree = "<group>"; };
		A13F32FAC207E6F044519403 = {isa = PBXBuildFile; fileRef = 3CFB212459BA8035CF5A5F5D; };
		A291F410AB2156CE11781442 = {isa = PBXBuildFile; fileRef = 48EECCAF8BCF5C1975445659; };
		A4B733C3FC4D3B9A135868CF = {isa = PBXFileReference; lastKnownFileType = sourcecode.swift; path = "AudioMixer.swift"; sourceTree = "<group>"; };
		A62602230ED62ADEF4F53907 = {isa = PBXFileReference; lastKnownFileType = sourcecode.swift; path = "Summarizer.swift"; sourceTree = "<group>"; };
		A62DB2A791A84A09B5AA1AEE = {isa = PBXFileReference; lastKnownFileType = folder.assetcatalog; path = "Assets.xcassets"; sourceTree = "<group>"; };
		ABDD771D68AA8C23CE1AE4A5 = {isa = PBXFileReference; lastKnownFileType = sourcecode.swift; path = "Components.swift"; sourceTree = "<group>"; };
		ACAD75822DDD44FF359E4132 = {isa = PBXFileReference; lastKnownFileType = sourcecode.swift; path = "AppleSpeechTranscriber.swift"; sourceTree = "<group>"; };
		B1EA10D438A996BB3600DAA6 = {isa = PBXFileReference; lastKnownFileType = sourcecode.swift; path = "AppleIntelligenceClient.swift"; sourceTree = "<group>"; };
		B72E61D0A1A012F073832A8B = {isa = PBXFileReference; lastKnownFileType = sourcecode.swift; path = "SetupPanels.swift"; sourceTree = "<group>"; };
		BD70640414B285E51AFCE618 = {isa = PBXFileReference; lastKnownFileType = sourcecode.swift; path = "RecordingDetailView.swift"; sourceTree = "<group>"; };
		C07AEC4F03D7936B32E04CC9 = {isa = PBXBuildFile; fileRef = B72E61D0A1A012F073832A8B; };
		C0D19117B7B3F9A5845212BA = {isa = XCBuildConfiguration; buildSettings = {ASSETCATALOG_COMPILER_APPICON_NAME = AppIcon; ASSETCATALOG_COMPILER_GLOBAL_ACCENT_COLOR_NAME = AccentColor; CODE_SIGN_ENTITLEMENTS = "Earmark/Resources/Earmark.entitlements"; CODE_SIGN_IDENTITY = "-"; CODE_SIGN_STYLE = Automatic; COMBINE_HIDPI_IMAGES = YES; CURRENT_PROJECT_VERSION = 1; DEVELOPMENT_TEAM = ""; ENABLE_HARDENED_RUNTIME = YES; GENERATE_INFOPLIST_FILE = NO; INFOPLIST_FILE = "Earmark/Resources/Info.plist"; LD_RUNPATH_SEARCH_PATHS = "$(inherited) @executable_path/../Frameworks"; MACOSX_DEPLOYMENT_TARGET = 14.4; MARKETING_VERSION = 0.1.0; PRODUCT_BUNDLE_IDENTIFIER = app.earmark.Earmark; PRODUCT_NAME = "$(TARGET_NAME)"; SWIFT_EMIT_LOC_STRINGS = YES; SWIFT_VERSION = 5.0; }; name = Debug; };
		C18F88D444D8FE65E18D39E9 = {isa = PBXFrameworksBuildPhase; buildActionMask = 2147483647; files = (DBCB1E399AE7E5E89AA77A82, ); runOnlyForDeploymentPostprocessing = 0; };
		C2E98CDE869A5D64067C10E2 = {isa = XCBuildConfiguration; buildSettings = {ALWAYS_SEARCH_USER_PATHS = NO; CLANG_ENABLE_MODULES = YES; CLANG_ENABLE_OBJC_ARC = YES; COPY_PHASE_STRIP = NO; ENABLE_STRICT_OBJC_MSGSEND = YES; ENABLE_USER_SCRIPT_SANDBOXING = YES; GCC_C_LANGUAGE_STANDARD = gnu17; MACOSX_DEPLOYMENT_TARGET = 14.4; SDKROOT = macosx; DEBUG_INFORMATION_FORMAT = dwarf; ENABLE_TESTABILITY = YES; GCC_OPTIMIZATION_LEVEL = 0; ONLY_ACTIVE_ARCH = YES; SWIFT_ACTIVE_COMPILATION_CONDITIONS = "DEBUG $(inherited)"; SWIFT_OPTIMIZATION_LEVEL = "-Onone"; MTL_ENABLE_DEBUG_INFO = INCLUDE_SOURCE; }; name = Debug; };
		C4D5163706E5908DC9E032F3 = {isa = PBXSourcesBuildPhase; buildActionMask = 2147483647; files = (301A77E129BF1D2AE75B147A, F8BE06C01A305E14CC44FD47, 5D6BE5A19536F6D6EA2C7234, D0F411B7E68D6C4D3123944C, 73BD3478A438009F51DE9294, 976D95173176E7663504C3CE, 9634B8DF91D46A59D46F4E00, A291F410AB2156CE11781442, 17D97B51158FD9C6BB9DB729, 85D773D134196023B1719E21, 94D4D3D611487F3083AC7FAB, D0D19C5D07E615D56AC44862, 5F493D8C322BD2937763C6DA, 1EF5C4BC271E0626F130203E, 4474AFD08E8E8138C2D9081C, A13F32FAC207E6F044519403, 0DF0AF43D7B59CC3D18639A6, 7EF382651175621905D26B49, 7DC516984138FD9B5C149F64, 48BD05182D3EA0ECDE74A801, E71096E08827B3EAB0C02BAC, 2DA46E970D85304A4803CB46, 796BA92ADCEC93701E8B8F12, ED406C5F2557AC3546714CAC, 60403FC6D62B200788F2CA6C, 8F8C7B1880816CD1318F1AC2, E87B8E77B6E8BC9777B9339B, 1BB40C3EF51C0932A1736FF6, E6E78ABCA2CB94948DBFF9F3, 7D5EB037BDC599DA48473CE4, C07AEC4F03D7936B32E04CC9, ); runOnlyForDeploymentPostprocessing = 0; };
		C4E95AD65D64DDF9367374CA = {isa = PBXFileReference; lastKnownFileType = sourcecode.swift; path = "SystemAudioTap.swift"; sourceTree = "<group>"; };
		C935DAABC2494B986C1B7E70 = {isa = PBXFileReference; lastKnownFileType = sourcecode.swift; path = "NotionDestination.swift"; sourceTree = "<group>"; };
		CD8F3222CEBF169F376FC28E = {isa = PBXFileReference; lastKnownFileType = sourcecode.swift; path = "MeetingDetector.swift"; sourceTree = "<group>"; };
		D0D19C5D07E615D56AC44862 = {isa = PBXBuildFile; fileRef = 657C72F8C01E4772EC0BD970; };
		D0F411B7E68D6C4D3123944C = {isa = PBXBuildFile; fileRef = A62602230ED62ADEF4F53907; };
		D124483EF0233AEE30ED7A11 = {isa = PBXGroup; children = (EAC5BBC7313752F5E3CBC78C, F3B067E9BC47ABB376BDAA31, 3CFB212459BA8035CF5A5F5D, ); path = "Models"; sourceTree = "<group>"; };
		DBCB1E399AE7E5E89AA77A82 = {isa = PBXBuildFile; productRef = 92F41202C1944DC842A9363C; };
		E589D98E9C10B6E6EF092B1C = {isa = XCConfigurationList; buildConfigurations = (C0D19117B7B3F9A5845212BA, 0E4F17677D796D1FEFE0ADA6, ); defaultConfigurationIsVisible = 0; defaultConfigurationName = Release; };
		E6E78ABCA2CB94948DBFF9F3 = {isa = PBXBuildFile; fileRef = 7D3E5BF56824231D48CC1452; };
		E71096E08827B3EAB0C02BAC = {isa = PBXBuildFile; fileRef = ACAD75822DDD44FF359E4132; };
		E87B8E77B6E8BC9777B9339B = {isa = PBXBuildFile; fileRef = 93355F4907880FA94AE4C830; };
		EAC5BBC7313752F5E3CBC78C = {isa = PBXFileReference; lastKnownFileType = sourcecode.swift; path = "AppSettings.swift"; sourceTree = "<group>"; };
		ED406C5F2557AC3546714CAC = {isa = PBXBuildFile; fileRef = 5362B093FB279037C74BB378; };
		EE01489DFF6DCE0E38AFBD52 = {isa = PBXFileReference; lastKnownFileType = sourcecode.swift; path = "SettingsView.swift"; sourceTree = "<group>"; };
		F1BD16AC042ADC70C47A3592 = {isa = XCConfigurationList; buildConfigurations = (C2E98CDE869A5D64067C10E2, 75A49220B65650188E2F2CE4, ); defaultConfigurationIsVisible = 0; defaultConfigurationName = Release; };
		F3B067E9BC47ABB376BDAA31 = {isa = PBXFileReference; lastKnownFileType = sourcecode.swift; path = "Category.swift"; sourceTree = "<group>"; };
		F5BF48AA40CAD7891EB709FC = {isa = PBXFileReference; explicitFileType = wrapper.application; includeInIndex = 0; path = Earmark.app; sourceTree = BUILT_PRODUCTS_DIR; };
		F8BE06C01A305E14CC44FD47 = {isa = PBXBuildFile; fileRef = 33ADCAECE4EDE46773B1A637; };
	};
	rootObject = 46F86FAA6BBF9AC94A7E4595;
}
